
Microsoft Visual Studio Solution File, Format Version 12.00
# Visual Studio Version 17
VisualStudioVersion = 17.7.34024.191
MinimumVisualStudioVersion = 10.0.40219.1
Project("{FAE04EC0-301F-11D3-BF4B-00C04F79EFBC}") = "KLGGR1", "KLGGR1\KLGGR1.csproj", "{6B70DECE-9831-4A70-8485-BA58628724A1}"
EndProject
Global
	GlobalSection(SolutionConfigurationPlatforms) = preSolution
		Debug|Any CPU = Debug|Any CPU
		Release|Any CPU = Release|Any CPU
	EndGlobalSection
	GlobalSection(ProjectConfigurationPlatforms) = postSolution
		{6B70DECE-9831-4A70-8485-BA58628724A1}.Debug|Any CPU.ActiveCfg = Debug|Any CPU
		{6B70DECE-9831-4A70-8485-BA58628724A1}.Debug|Any CPU.Build.0 = Debug|Any CPU
		{6B70DECE-9831-4A70-8485-BA58628724A1}.Release|Any CPU.ActiveCfg = Release|Any CPU
		{6B70DECE-9831-4A70-8485-BA58628724A1}.Release|Any CPU.Build.0 = Release|Any CPU
	EndGlobalSection
	GlobalSection(SolutionProperties) = preSolution
		HideSolutionNode = FALSE
	EndGlobalSection
	GlobalSection(ExtensibilityGlobals) = postSolution
		SolutionGuid = {CB79009F-F6F1-4709-88CB-F9559CD1A809}
	EndGlobalSection
EndGlobal
